// !$*UTF8*$!
{
	archiveVersion = 1;
	classes = {
	};
	objectVersion = 77;
	objects = {

/* Begin PBXBuildFile section */
		B534344D2F0B979E00D8E200 /* iamport-ios in Frameworks */ = {isa = PBXBuildFile; productRef = B534344C2F0B979E00D8E200 /* iamport-ios */; };
		B55131A02EE9571900DBEA27 /* .gitignore in Resources */ = {isa = PBXBuildFile; fileRef = B551319F2EE9571900DBEA27 /* .gitignore */; };
		B55131A52EE96ADF00DBEA27 /* FirebaseAnalytics in Frameworks */ = {isa = PBXBuildFile; productRef = B55131A42EE96ADF00DBEA27 /* FirebaseAnalytics */; };
		B55131A72EE96ADF00DBEA27 /* FirebaseMessaging in Frameworks */ = {isa = PBXBuildFile; productRef = B55131A62EE96ADF00DBEA27 /* FirebaseMessaging */; };
		B551349B2EF121FB00DBEA27 /* FirebaseAnalytics in Frameworks */ = {isa = PBXBuildFile; productRef = B551349A2EF121FB00DBEA27 /* FirebaseAnalytics */; };
		B551349D2EF1220F00DBEA27 /* FirebaseMessaging in Frameworks */ = {isa = PBXBuildFile; productRef = B551349C2EF1220F00DBEA27 /* FirebaseMessaging */; };
		B551352E2EF1732600DBEA27 /* CombineMoya in Frameworks */ = {isa = PBXBuildFile; productRef = B551352D2EF1732600DBEA27 /* CombineMoya */; };
		B55135302EF1732600DBEA27 /* Moya in Frameworks */ = {isa = PBXBuildFile; productRef = B551352F2EF1732600DBEA27 /* Moya */; };
		B55135332EF198E600DBEA27 /* SnapKit in Frameworks */ = {isa = PBXBuildFile; productRef = B55135322EF198E600DBEA27 /* SnapKit */; };
		B58525D12EF25FF10055EBF4 /* .gitignore in Resources */ = {isa = PBXBuildFile; fileRef = B551319F2EE9571900DBEA27 /* .gitignore */; };
		B59ADD5E2F13E84000174F90 /* RealmSwift in Frameworks */ = {isa = PBXBuildFile; productRef = B59ADD5D2F13E84000174F90 /* RealmSwift */; };
		B59ADD5F2F13E86B00174F90 /* RealmSwift in Embed Frameworks */ = {isa = PBXBuildFile; productRef = B59ADD5D2F13E84000174F90 /* RealmSwift */; settings = {ATTRIBUTES = (CodeSignOnCopy, ); }; };
/* End PBXBuildFile section */

/* Begin PBXCopyFilesBuildPhase section */
		B59ADD602F13E86B00174F90 /* Embed Frameworks */ = {
			isa = PBXCopyFilesBuildPhase;
			buildActionMask = 2147483647;
			dstPath = "";
			dstSubfolderSpec = 10;
			files = (
				B59ADD5F2F13E86B00174F90 /* RealmSwift in Embed Frameworks */,
			);
			name = "Embed Frameworks";
			runOnlyForDeploymentPostprocessing = 0;
		};
/* End PBXCopyFilesBuildPhase section */

/* Begin PBXFileReference section */
		B55131872EE9559300DBEA27 /* Odaeri_User.app */ = {isa = PBXFileReference; explicitFileType = wrapper.application; includeInIndex = 0; path = Odaeri_User.app; sourceTree = BUILT_PRODUCTS_DIR; };
		B551319F2EE9571900DBEA27 /* .gitignore */ = {isa = PBXFileReference; lastKnownFileType = text; path = .gitignore; sourceTree = "<group>"; };
		B55134822EF11A2A00DBEA27 /* Odaeri_Admin.app */ = {isa = PBXFileReference; explicitFileType = wrapper.application; includeInIndex = 0; path = Odaeri_Admin.app; sourceTree = BUILT_PRODUCTS_DIR; };
/* End PBXFileReference section */

/* Begin PBXFileSystemSynchronizedBuildFileExceptionSet section */
		B55131992EE9559500DBEA27 /* Exceptions for "Odaeri_User" folder in "Odaeri_User" target */ = {
			isa = PBXFileSystemSynchronizedBuildFileExceptionSet;
			membershipExceptions = (
				Info.plist,
			);
			target = B55131862EE9559300DBEA27 /* Odaeri_User */;
		};
		B55134932EF11A2C00DBEA27 /* Exceptions for "Odaeri_Admin" folder in "Odaeri_Admin" target */ = {
			isa = PBXFileSystemSynchronizedBuildFileExceptionSet;
			membershipExceptions = (
				Info.plist,
			);
			target = B55134812EF11A2A00DBEA27 /* Odaeri_Admin */;
		};
		B55135342EF234EA00DBEA27 /* Exceptions for "Secrets" folder in "Odaeri_User" target */ = {
			isa = PBXFileSystemSynchronizedBuildFileExceptionSet;
			membershipExceptions = (
				"Admin/GoogleService-Info.plist",
				Secrets.xcconfig,
			);
			target = B55131862EE9559300DBEA27 /* Odaeri_User */;
		};
		B55135352EF234EA00DBEA27 /* Exceptions for "Secrets" folder in "Odaeri_Admin" target */ = {
			isa = PBXFileSystemSynchronizedBuildFileExceptionSet;
			membershipExceptions = (
				"Admin/GoogleService-Info.plist",
			);
			target = B55134812EF11A2A00DBEA27 /* Odaeri_Admin */;
		};
		B58525D32EF260180055EBF4 /* Exceptions for "Shared" folder in "Odaeri_Admin" target */ = {
			isa = PBXFileSystemSynchronizedBuildFileExceptionSet;
			membershipExceptions = (
				"Extensions/UIColor+Extension.swift",
				Fonts/JalnanGothic.otf,
				"Fonts/Pretendard-Black.otf",
				"Fonts/Pretendard-Bold.otf",
				"Fonts/Pretendard-ExtraBold.otf",
				"Fonts/Pretendard-ExtraLight.otf",
				"Fonts/Pretendard-Light.otf",
				"Fonts/Pretendard-Medium.otf",
				"Fonts/Pretendard-Regular.otf",
				"Fonts/Pretendard-SemiBold.otf",
				"Fonts/Pretendard-Thin.otf",
			);
			target = B55134812EF11A2A00DBEA27 /* Odaeri_Admin */;
		};
/* End PBXFileSystemSynchronizedBuildFileExceptionSet section */

/* Begin PBXFileSystemSynchronizedRootGroup section */
		B55131892EE9559300DBEA27 /* Odaeri_User */ = {
			isa = PBXFileSystemSynchronizedRootGroup;
			exceptions = (
				B55131992EE9559500DBEA27 /* Exceptions for "Odaeri_User" folder in "Odaeri_User" target */,
			);
			path = Odaeri_User;
			sourceTree = "<group>";
		};
		B551347B2EF0EF5700DBEA27 /* Secrets */ = {
			isa = PBXFileSystemSynchronizedRootGroup;
			exceptions = (
				B55135342EF234EA00DBEA27 /* Exceptions for "Secrets" folder in "Odaeri_User" target */,
				B55135352EF234EA00DBEA27 /* Exceptions for "Secrets" folder in "Odaeri_Admin" target */,
			);
			path = Secrets;
			sourceTree = "<group>";
		};
		B55134832EF11A2A00DBEA27 /* Odaeri_Admin */ = {
			isa = PBXFileSystemSynchronizedRootGroup;
			exceptions = (
				B55134932EF11A2C00DBEA27 /* Exceptions for "Odaeri_Admin" folder in "Odaeri_Admin" target */,
			);
			path = Odaeri_Admin;
			sourceTree = "<group>";
		};
		B551349E2EF135E900DBEA27 /* Shared */ = {
			isa = PBXFileSystemSynchronizedRootGroup;
			exceptions = (
				B58525D32EF260180055EBF4 /* Exceptions for "Shared" folder in "Odaeri_Admin" target */,
			);
			path = Shared;
			sourceTree = "<group>";
		};
/* End PBXFileSystemSynchronizedRootGroup section */

/* Begin PBXFrameworksBuildPhase section */
		B55131842EE9559300DBEA27 /* Frameworks */ = {
			isa = PBXFrameworksBuildPhase;
			buildActionMask = 2147483647;
			files = (
				B55131A72EE96ADF00DBEA27 /* FirebaseMessaging in Frameworks */,
				B55131A52EE96ADF00DBEA27 /* FirebaseAnalytics in Frameworks */,
				B59ADD5E2F13E84000174F90 /* RealmSwift in Frameworks */,
				B55135302EF1732600DBEA27 /* Moya in Frameworks */,
				B534344D2F0B979E00D8E200 /* iamport-ios in Frameworks */,
				B551352E2EF1732600DBEA27 /* CombineMoya in Frameworks */,
				B55135332EF198E600DBEA27 /* SnapKit in Frameworks */,
			);
			runOnlyForDeploymentPostprocessing = 0;
		};
		B551347F2EF11A2A00DBEA27 /* Frameworks */ = {
			isa = PBXFrameworksBuildPhase;
			buildActionMask = 2147483647;
			files = (
				B551349D2EF1220F00DBEA27 /* FirebaseMessaging in Frameworks */,
				B551349B2EF121FB00DBEA27 /* FirebaseAnalytics in Frameworks */,
			);
			runOnlyForDeploymentPostprocessing = 0;
		};
/* End PBXFrameworksBuildPhase section */

/* Begin PBXGroup section */
		B551317E2EE9559300DBEA27 = {
			isa = PBXGroup;
			children = (
				B551347B2EF0EF5700DBEA27 /* Secrets */,
				B551319F2EE9571900DBEA27 /* .gitignore */,
				B551349E2EF135E900DBEA27 /* Shared */,
				B55131892EE9559300DBEA27 /* Odaeri_User */,
				B55134832EF11A2A00DBEA27 /* Odaeri_Admin */,
				B55134992EF121FB00DBEA27 /* Frameworks */,
				B55131882EE9559300DBEA27 /* Products */,
			);
			sourceTree = "<group>";
		};
		B55131882EE9559300DBEA27 /* Products */ = {
			isa = PBXGroup;
			children = (
				B55131872EE9559300DBEA27 /* Odaeri_User.app */,
				B55134822EF11A2A00DBEA27 /* Odaeri_Admin.app */,
			);
			name = Products;
			sourceTree = "<group>";
		};
		B55134992EF121FB00DBEA27 /* Frameworks */ = {
			isa = PBXGroup;
			children = (
			);
			name = Frameworks;
			sourceTree = "<group>";
		};
/* End PBXGroup section */

/* Begin PBXNativeTarget section */
		B55131862EE9559300DBEA27 /* Odaeri_User */ = {
			isa = PBXNativeTarget;
			buildConfigurationList = B551319A2EE9559500DBEA27 /* Build configuration list for PBXNativeTarget "Odaeri_User" */;
			buildPhases = (
				B55131832EE9559300DBEA27 /* Sources */,
				B55131842EE9559300DBEA27 /* Frameworks */,
				B55131852EE9559300DBEA27 /* Resources */,
				B59ADD602F13E86B00174F90 /* Embed Frameworks */,
			);
			buildRules = (
			);
			dependencies = (
			);
			fileSystemSynchronizedGroups = (
				B55131892EE9559300DBEA27 /* Odaeri_User */,
				B551347B2EF0EF5700DBEA27 /* Secrets */,
				B551349E2EF135E900DBEA27 /* Shared */,
			);
			name = Odaeri_User;
			packageProductDependencies = (
				B55131A42EE96ADF00DBEA27 /* FirebaseAnalytics */,
				B55131A62EE96ADF00DBEA27 /* FirebaseMessaging */,
				B551352D2EF1732600DBEA27 /* CombineMoya */,
				B551352F2EF1732600DBEA27 /* Moya */,
				B55135322EF198E600DBEA27 /* SnapKit */,
				B534344C2F0B979E00D8E200 /* iamport-ios */,
				B59ADD5D2F13E84000174F90 /* RealmSwift */,
			);
			productName = Odaeri;
			productReference = B55131872EE9559300DBEA27 /* Odaeri_User.app */;
			productType = "com.apple.product-type.application";
		};
		B55134812EF11A2A00DBEA27 /* Odaeri_Admin */ = {
			isa = PBXNativeTarget;
			buildConfigurationList = B55134942EF11A2C00DBEA27 /* Build configuration list for PBXNativeTarget "Odaeri_Admin" */;
			buildPhases = (
				B551347E2EF11A2A00DBEA27 /* Sources */,
				B551347F2EF11A2A00DBEA27 /* Frameworks */,
				B55134802EF11A2A00DBEA27 /* Resources */,
			);
			buildRules = (
			);
			dependencies = (
			);
			fileSystemSynchronizedGroups = (
				B55134832EF11A2A00DBEA27 /* Odaeri_Admin */,
			);
			name = Odaeri_Admin;
			packageProductDependencies = (
				B551349A2EF121FB00DBEA27 /* FirebaseAnalytics */,
				B551349C2EF1220F00DBEA27 /* FirebaseMessaging */,
			);
			productName = Odaeri_Admin;
			productReference = B55134822EF11A2A00DBEA27 /* Odaeri_Admin.app */;
			productType = "com.apple.product-type.application";
		};
/* End PBXNativeTarget section */

/* Begin PBXProject section */
		B551317F2EE9559300DBEA27 /* Project object */ = {
			isa = PBXProject;
			attributes = {
				BuildIndependentTargetsInParallel = 1;
				LastSwiftUpdateCheck = 1640;
				LastUpgradeCheck = 2620;
				TargetAttributes = {
					B55131862EE9559300DBEA27 = {
						CreatedOnToolsVersion = 16.4;
					};
					B55134812EF11A2A00DBEA27 = {
						CreatedOnToolsVersion = 16.4;
					};
				};
			};
			buildConfigurationList = B55131822EE9559300DBEA27 /* Build configuration list for PBXProject "Odaeri" */;
			developmentRegion = en;
			hasScannedForEncodings = 0;
			knownRegions = (
				en,
				Base,
			);
			mainGroup = B551317E2EE9559300DBEA27;
			minimizedProjectReferenceProxies = 1;
			packageReferences = (
				B55131A32EE96ADF00DBEA27 /* XCRemoteSwiftPackageReference "firebase-ios-sdk" */,
				B551352C2EF1732600DBEA27 /* XCRemoteSwiftPackageReference "Moya" */,
				B55135312EF198E600DBEA27 /* XCRemoteSwiftPackageReference "SnapKit" */,
				B534344B2F0B979E00D8E200 /* XCRemoteSwiftPackageReference "iamport-ios" */,
				B59ADD5C2F13E84000174F90 /* XCRemoteSwiftPackageReference "realm-swift" */,
			);
			preferredProjectObjectVersion = 77;
			productRefGroup = B55131882EE9559300DBEA27 /* Products */;
			projectDirPath = "";
			projectRoot = "";
			targets = (
				B55131862EE9559300DBEA27 /* Odaeri_User */,
				B55134812EF11A2A00DBEA27 /* Odaeri_Admin */,
			);
		};
/* End PBXProject section */

/* Begin PBXResourcesBuildPhase section */
		B55131852EE9559300DBEA27 /* Resources */ = {
			isa = PBXResourcesBuildPhase;
			buildActionMask = 2147483647;
			files = (
				B55131A02EE9571900DBEA27 /* .gitignore in Resources */,
			);
			runOnlyForDeploymentPostprocessing = 0;
		};
		B55134802EF11A2A00DBEA27 /* Resources */ = {
			isa = PBXResourcesBuildPhase;
			buildActionMask = 2147483647;
			files = (
				B58525D12EF25FF10055EBF4 /* .gitignore in Resources */,
			);
			runOnlyForDeploymentPostprocessing = 0;
		};
/* End PBXResourcesBuildPhase section */

/* Begin PBXSourcesBuildPhase section */
		B55131832EE9559300DBEA27 /* Sources */ = {
			isa = PBXSourcesBuildPhase;
			buildActionMask = 2147483647;
			files = (
			);
			runOnlyForDeploymentPostprocessing = 0;
		};
		B551347E2EF11A2A00DBEA27 /* Sources */ = {
			isa = PBXSourcesBuildPhase;
			buildActionMask = 2147483647;
			files = (
			);
			runOnlyForDeploymentPostprocessing = 0;
		};
/* End PBXSourcesBuildPhase section */

/* Begin XCBuildConfiguration section */
		B551319B2EE9559500DBEA27 /* Debug */ = {
			isa = XCBuildConfiguration;
			baseConfigurationReferenceAnchor = B551347B2EF0EF5700DBEA27 /* Secrets */;
			baseConfigurationReferenceRelativePath = Secrets.xcconfig;
			buildSettings = {
				ASSETCATALOG_COMPILER_APPICON_NAME = AppIcon;
				ASSETCATALOG_COMPILER_GLOBAL_ACCENT_COLOR_NAME = AccentColor;
				CODE_SIGN_ENTITLEMENTS = Odaeri_User/Odaeri.entitlements;
				CODE_SIGN_STYLE = Automatic;
				CURRENT_PROJECT_VERSION = 1;
				DEVELOPMENT_TEAM = VDAQLM4XLQ;
				GENERATE_INFOPLIST_FILE = YES;
				INFOPLIST_FILE = Odaeri_User/Info.plist;
				INFOPLIST_KEY_CFBundleDisplayName = "오대리";
				INFOPLIST_KEY_NSLocationWhenInUseUsageDescription = "경로 안내 및 실시간 남은 거리 계산을 위해 위치 정보가 필요합니다.";
				INFOPLIST_KEY_NSMotionUsageDescription = "걸음 수 측정을 위해 동작 및 피트니스 정보 접근 권한이 필요합니다.";
				INFOPLIST_KEY_NSSupportsLiveActivities = YES;
				INFOPLIST_KEY_UIApplicationSupportsIndirectInputEvents = YES;
				INFOPLIST_KEY_UILaunchStoryboardName = LaunchScreen;
				INFOPLIST_KEY_UISupportedInterfaceOrientations_iPad = "UIInterfaceOrientationPortrait UIInterfaceOrientationPortraitUpsideDown UIInterfaceOrientationLandscapeLeft UIInterfaceOrientationLandscapeRight";
				INFOPLIST_KEY_UISupportedInterfaceOrientations_iPhone = "UIInterfaceOrientationPortrait UIInterfaceOrientationLandscapeLeft UIInterfaceOrientationLandscapeRight";
				INFOPLIST_KEY_UIUserInterfaceStyle = Light;
				IPHONEOS_DEPLOYMENT_TARGET = 16.1;
				LD_RUNPATH_SEARCH_PATHS = (
					"$(inherited)",
					"@executable_path/Frameworks",
				);
				MARKETING_VERSION = 1.0;
				PRODUCT_BUNDLE_IDENTIFIER = com.Leo.Odaeri;
				PRODUCT_NAME = "$(TARGET_NAME)";
				SUPPORTED_PLATFORMS = "iphoneos iphonesimulator";
				SUPPORTS_MACCATALYST = NO;
				SUPPORTS_MAC_DESIGNED_FOR_IPHONE_IPAD = NO;
				SUPPORTS_XR_DESIGNED_FOR_IPHONE_IPAD = NO;
				SWIFT_EMIT_LOC_STRINGS = YES;
				SWIFT_VERSION = 5.0;
				TARGETED_DEVICE_FAMILY = 1;
			};
			name = Debug;
		};
		B551319C2EE9559500DBEA27 /* Release */ = {
			isa = XCBuildConfiguration;
			baseConfigurationReferenceAnchor = B551347B2EF0EF5700DBEA27 /* Secrets */;
			baseConfigurationReferenceRelativePath = Secrets.xcconfig;
			buildSettings = {
				ASSETCATALOG_COMPILER_APPICON_NAME = AppIcon;
				ASSETCATALOG_COMPILER_GLOBAL_ACCENT_COLOR_NAME = AccentColor;
				CODE_SIGN_ENTITLEMENTS = Odaeri_User/Odaeri.entitlements;
				CODE_SIGN_STYLE = Automatic;
				CURRENT_PROJECT_VERSION = 1;
				DEVELOPMENT_TEAM = VDAQLM4XLQ;
				GENERATE_INFOPLIST_FILE = YES;
				INFOPLIST_FILE = Odaeri_User/Info.plist;
				INFOPLIST_KEY_CFBundleDisplayName = "오대리";
				INFOPLIST_KEY_NSLocationWhenInUseUsageDescription = "경로 안내 및 실시간 남은 거리 계산을 위해 위치 정보가 필요합니다.";
				INFOPLIST_KEY_NSMotionUsageDescription = "걸음 수 측정을 위해 동작 및 피트니스 정보 접근 권한이 필요합니다.";
				INFOPLIST_KEY_NSSupportsLiveActivities = YES;
				INFOPLIST_KEY_UIApplicationSupportsIndirectInputEvents = YES;
				INFOPLIST_KEY_UILaunchStoryboardName = LaunchScreen;
				INFOPLIST_KEY_UISupportedInterfaceOrientations_iPad = "UIInterfaceOrientationPortrait UIInterfaceOrientationPortraitUpsideDown UIInterfaceOrientationLandscapeLeft UIInterfaceOrientationLandscapeRight";
				INFOPLIST_KEY_UISupportedInterfaceOrientations_iPhone = "UIInterfaceOrientationPortrait UIInterfaceOrientationLandscapeLeft UIInterfaceOrientationLandscapeRight";
				INFOPLIST_KEY_UIUserInterfaceStyle = Light;
				IPHONEOS_DEPLOYMENT_TARGET = 16.1;
				LD_RUNPATH_SEARCH_PATHS = (
					"$(inherited)",
					"@executable_path/Frameworks",
				);
				MARKETING_VERSION = 1.0;
				PRODUCT_BUNDLE_IDENTIFIER = com.Leo.Odaeri;
				PRODUCT_NAME = "$(TARGET_NAME)";
				SUPPORTED_PLATFORMS = "iphoneos iphonesimulator";
				SUPPORTS_MACCATALYST = NO;
				SUPPORTS_MAC_DESIGNED_FOR_IPHONE_IPAD = NO;
				SUPPORTS_XR_DESIGNED_FOR_IPHONE_IPAD = NO;
				SWIFT_EMIT_LOC_STRINGS = YES;
				SWIFT_VERSION = 5.0;
				TARGETED_DEVICE_FAMILY = 1;
			};
			name = Release;
		};
		B551319D2EE9559500DBEA27 /* Debug */ = {
			isa = XCBuildConfiguration;
			buildSettings = {
				ALWAYS_SEARCH_USER_PATHS = NO;
				ASSETCATALOG_COMPILER_GENERATE_SWIFT_ASSET_SYMBOL_EXTENSIONS = YES;
				CLANG_ANALYZER_NONNULL = YES;
				CLANG_ANALYZER_NUMBER_OBJECT_CONVERSION = YES_AGGRESSIVE;
				CLANG_CXX_LANGUAGE_STANDARD = "gnu++20";
				CLANG_ENABLE_MODULES = YES;
				CLANG_ENABLE_OBJC_ARC = YES;
				CLANG_ENABLE_OBJC_WEAK = YES;
				CLANG_WARN_BLOCK_CAPTURE_AUTORELEASING = YES;
				CLANG_WARN_BOOL_CONVERSION = YES;
				CLANG_WARN_COMMA = YES;
				CLANG_WARN_CONSTANT_CONVERSION = YES;
				CLANG_WARN_DEPRECATED_OBJC_IMPLEMENTATIONS = YES;
				CLANG_WARN_DIRECT_OBJC_ISA_USAGE = YES_ERROR;
				CLANG_WARN_DOCUMENTATION_COMMENTS = YES;
				CLANG_WARN_EMPTY_BODY = YES;
				CLANG_WARN_ENUM_CONVERSION = YES;
				CLANG_WARN_INFINITE_RECURSION = YES;
				CLANG_WARN_INT_CONVERSION = YES;
				CLANG_WARN_NON_LITERAL_NULL_CONVERSION = YES;
				CLANG_WARN_OBJC_IMPLICIT_RETAIN_SELF = YES;
				CLANG_WARN_OBJC_LITERAL_CONVERSION = YES;
				CLANG_WARN_OBJC_ROOT_CLASS = YES_ERROR;
				CLANG_WARN_QUOTED_INCLUDE_IN_FRAMEWORK_HEADER = YES;
				CLANG_WARN_RANGE_LOOP_ANALYSIS = YES;
				CLANG_WARN_STRICT_PROTOTYPES = YES;
				CLANG_WARN_SUSPICIOUS_MOVE = YES;
				CLANG_WARN_UNGUARDED_AVAILABILITY = YES_AGGRESSIVE;
				CLANG_WARN_UNREACHABLE_CODE = YES;
				CLANG_WARN__DUPLICATE_METHOD_MATCH = YES;
				COPY_PHASE_STRIP = NO;
				DEBUG_INFORMATION_FORMAT = dwarf;
				DEVELOPMENT_TEAM = VDAQLM4XLQ;
				ENABLE_STRICT_OBJC_MSGSEND = YES;
				ENABLE_TESTABILITY = YES;
				ENABLE_USER_SCRIPT_SANDBOXING = YES;
				GCC_C_LANGUAGE_STANDARD = gnu17;
				GCC_DYNAMIC_NO_PIC = NO;
				GCC_NO_COMMON_BLOCKS = YES;
				GCC_OPTIMIZATION_LEVEL = 0;
				GCC_PREPROCESSOR_DEFINITIONS = (
					"DEBUG=1",
					"$(inherited)",
				);
				GCC_WARN_64_TO_32_BIT_CONVERSION = YES;
				GCC_WARN_ABOUT_RETURN_TYPE = YES_ERROR;
				GCC_WARN_UNDECLARED_SELECTOR = YES;
				GCC_WARN_UNINITIALIZED_AUTOS = YES_AGGRESSIVE;
				GCC_WARN_UNUSED_FUNCTION = YES;
				GCC_WARN_UNUSED_VARIABLE = YES;
				IPHONEOS_DEPLOYMENT_TARGET = 18.5;
				LOCALIZATION_PREFERS_STRING_CATALOGS = YES;
				MTL_ENABLE_DEBUG_INFO = INCLUDE_SOURCE;
				MTL_FAST_MATH = YES;
				ONLY_ACTIVE_ARCH = YES;
				SDKROOT = iphoneos;
				STRING_CATALOG_GENERATE_SYMBOLS = YES;
				SWIFT_ACTIVE_COMPILATION_CONDITIONS = "DEBUG $(inherited)";
				SWIFT_OPTIMIZATION_LEVEL = "-Onone";
			};
			name = Debug;
		};
		B551319E2EE9559500DBEA27 /* Release */ = {
			isa = XCBuildConfiguration;
			buildSettings = {
				ALWAYS_SEARCH_USER_PATHS = NO;
				ASSETCATALOG_COMPILER_GENERATE_SWIFT_ASSET_SYMBOL_EXTENSIONS = YES;
				CLANG_ANALYZER_NONNULL = YES;
				CLANG_ANALYZER_NUMBER_OBJECT_CONVERSION = YES_AGGRESSIVE;
				CLANG_CXX_LANGUAGE_STANDARD = "gnu++20";
				CLANG_ENABLE_MODULES = YES;
				CLANG_ENABLE_OBJC_ARC = YES;
				CLANG_ENABLE_OBJC_WEAK = YES;
				CLANG_WARN_BLOCK_CAPTURE_AUTORELEASING = YES;
				CLANG_WARN_BOOL_CONVERSION = YES;
				CLANG_WARN_COMMA = YES;
				CLANG_WARN_CONSTANT_CONVERSION = YES;
				CLANG_WARN_DEPRECATED_OBJC_IMPLEMENTATIONS = YES;
				CLANG_WARN_DIRECT_OBJC_ISA_USAGE = YES_ERROR;
				CLANG_WARN_DOCUMENTATION_COMMENTS = YES;
				CLANG_WARN_EMPTY_BODY = YES;
				CLANG_WARN_ENUM_CONVERSION = YES;
				CLANG_WARN_INFINITE_RECURSION = YES;
				CLANG_WARN_INT_CONVERSION = YES;
				CLANG_WARN_NON_LITERAL_NULL_CONVERSION = YES;
				CLANG_WARN_OBJC_IMPLICIT_RETAIN_SELF = YES;
				CLANG_WARN_OBJC_LITERAL_CONVERSION = YES;
				CLANG_WARN_OBJC_ROOT_CLASS = YES_ERROR;
				CLANG_WARN_QUOTED_INCLUDE_IN_FRAMEWORK_HEADER = YES;
				CLANG_WARN_RANGE_LOOP_ANALYSIS = YES;
				CLANG_WARN_STRICT_PROTOTYPES = YES;
				CLANG_WARN_SUSPICIOUS_MOVE = YES;
				CLANG_WARN_UNGUARDED_AVAILABILITY = YES_AGGRESSIVE;
				CLANG_WARN_UNREACHABLE_CODE = YES;
				CLANG_WARN__DUPLICATE_METHOD_MATCH = YES;
				COPY_PHASE_STRIP = NO;
				DEBUG_INFORMATION_FORMAT = "dwarf-with-dsym";
				DEVELOPMENT_TEAM = VDAQLM4XLQ;
				ENABLE_NS_ASSERTIONS = NO;
				ENABLE_STRICT_OBJC_MSGSEND = YES;
				ENABLE_USER_SCRIPT_SANDBOXING = YES;
				GCC_C_LANGUAGE_STANDARD = gnu17;
				GCC_NO_COMMON_BLOCKS = YES;
				GCC_WARN_64_TO_32_BIT_CONVERSION = YES;
				GCC_WARN_ABOUT_RETURN_TYPE = YES_ERROR;
				GCC_WARN_UNDECLARED_SELECTOR = YES;
				GCC_WARN_UNINITIALIZED_AUTOS = YES_AGGRESSIVE;
				GCC_WARN_UNUSED_FUNCTION = YES;
				GCC_WARN_UNUSED_VARIABLE = YES;
				IPHONEOS_DEPLOYMENT_TARGET = 18.5;
				LOCALIZATION_PREFERS_STRING_CATALOGS = YES;
				MTL_ENABLE_DEBUG_INFO = NO;
				MTL_FAST_MATH = YES;
				SDKROOT = iphoneos;
				STRING_CATALOG_GENERATE_SYMBOLS = YES;
				SWIFT_COMPILATION_MODE = wholemodule;
				VALIDATE_PRODUCT = YES;
			};
			name = Release;
		};
		B55134952EF11A2C00DBEA27 /* Debug */ = {
			isa = XCBuildConfiguration;
			baseConfigurationReferenceAnchor = B551347B2EF0EF5700DBEA27 /* Secrets */;
			baseConfigurationReferenceRelativePath = Secrets.xcconfig;
			buildSettings = {
				ASSETCATALOG_COMPILER_APPICON_NAME = AppIcon;
				ASSETCATALOG_COMPILER_GLOBAL_ACCENT_COLOR_NAME = AccentColor;
				CODE_SIGN_STYLE = Automatic;
				CURRENT_PROJECT_VERSION = 1;
				DEVELOPMENT_TEAM = VDAQLM4XLQ;
				GENERATE_INFOPLIST_FILE = YES;
				INFOPLIST_FILE = Odaeri_Admin/Info.plist;
				INFOPLIST_KEY_CFBundleDisplayName = "오대리관리자";
				INFOPLIST_KEY_UIApplicationSupportsIndirectInputEvents = YES;
				INFOPLIST_KEY_UILaunchStoryboardName = LaunchScreen;
				INFOPLIST_KEY_UIMainStoryboardFile = Main;
				INFOPLIST_KEY_UISupportedInterfaceOrientations_iPad = "UIInterfaceOrientationPortrait UIInterfaceOrientationPortraitUpsideDown UIInterfaceOrientationLandscapeLeft UIInterfaceOrientationLandscapeRight";
				INFOPLIST_KEY_UISupportedInterfaceOrientations_iPhone = "UIInterfaceOrientationPortrait UIInterfaceOrientationLandscapeLeft UIInterfaceOrientationLandscapeRight";
				IPHONEOS_DEPLOYMENT_TARGET = 16.1;
				LD_RUNPATH_SEARCH_PATHS = (
					"$(inherited)",
					"@executable_path/Frameworks",
				);
				MARKETING_VERSION = 1.0;
				PRODUCT_BUNDLE_IDENTIFIER = "com.Leo.Odaeri-Admin";
				PRODUCT_NAME = "$(TARGET_NAME)";
				SUPPORTED_PLATFORMS = "iphoneos iphonesimulator";
				SUPPORTS_MACCATALYST = NO;
				SUPPORTS_MAC_DESIGNED_FOR_IPHONE_IPAD = NO;
				SUPPORTS_XR_DESIGNED_FOR_IPHONE_IPAD = NO;
				SWIFT_EMIT_LOC_STRINGS = YES;
				SWIFT_VERSION = 5.0;
				TARGETED_DEVICE_FAMILY = 2;
			};
			name = Debug;
		};
		B55134962EF11A2C00DBEA27 /* Release */ = {
			isa = XCBuildConfiguration;
			baseConfigurationReferenceAnchor = B551347B2EF0EF5700DBEA27 /* Secrets */;
			baseConfigurationReferenceRelativePath = Secrets.xcconfig;
			buildSettings = {
				ASSETCATALOG_COMPILER_APPICON_NAME = AppIcon;
				ASSETCATALOG_COMPILER_GLOBAL_ACCENT_COLOR_NAME = AccentColor;
				CODE_SIGN_STYLE = Automatic;
				CURRENT_PROJECT_VERSION = 1;
				DEVELOPMENT_TEAM = VDAQLM4XLQ;
				GENERATE_INFOPLIST_FILE = YES;
				INFOPLIST_FILE = Odaeri_Admin/Info.plist;
				INFOPLIST_KEY_CFBundleDisplayName = "오대리관리자";
				INFOPLIST_KEY_UIApplicationSupportsIndirectInputEvents = YES;
				INFOPLIST_KEY_UILaunchStoryboardName = LaunchScreen;
				INFOPLIST_KEY_UIMainStoryboardFile = Main;
				INFOPLIST_KEY_UISupportedInterfaceOrientations_iPad = "UIInterfaceOrientationPortrait UIInterfaceOrientationPortraitUpsideDown UIInterfaceOrientationLandscapeLeft UIInterfaceOrientationLandscapeRight";
				INFOPLIST_KEY_UISupportedInterfaceOrientations_iPhone = "UIInterfaceOrientationPortrait UIInterfaceOrientationLandscapeLeft UIInterfaceOrientationLandscapeRight";
				IPHONEOS_DEPLOYMENT_TARGET = 16.1;
				LD_RUNPATH_SEARCH_PATHS = (
					"$(inherited)",
					"@executable_path/Frameworks",
				);
				MARKETING_VERSION = 1.0;
				PRODUCT_BUNDLE_IDENTIFIER = "com.Leo.Odaeri-Admin";
				PRODUCT_NAME = "$(TARGET_NAME)";
				SUPPORTED_PLATFORMS = "iphoneos iphonesimulator";
				SUPPORTS_MACCATALYST = NO;
				SUPPORTS_MAC_DESIGNED_FOR_IPHONE_IPAD = NO;
				SUPPORTS_XR_DESIGNED_FOR_IPHONE_IPAD = NO;
				SWIFT_EMIT_LOC_STRINGS = YES;
				SWIFT_VERSION = 5.0;
				TARGETED_DEVICE_FAMILY = 2;
			};
			name = Release;
		};
/* End XCBuildConfiguration section */

/* Begin XCConfigurationList section */
		B55131822EE9559300DBEA27 /* Build configuration list for PBXProject "Odaeri" */ = {
			isa = XCConfigurationList;
			buildConfigurations = (
				B551319D2EE9559500DBEA27 /* Debug */,
				B551319E2EE9559500DBEA27 /* Release */,
			);
			defaultConfigurationIsVisible = 0;
			defaultConfigurationName = Release;
		};
		B551319A2EE9559500DBEA27 /* Build configuration list for PBXNativeTarget "Odaeri_User" */ = {
			isa = XCConfigurationList;
			buildConfigurations = (
				B551319B2EE9559500DBEA27 /* Debug */,
				B551319C2EE9559500DBEA27 /* Release */,
			);
			defaultConfigurationIsVisible = 0;
			defaultConfigurationName = Release;
		};
		B55134942EF11A2C00DBEA27 /* Build configuration list for PBXNativeTarget "Odaeri_Admin" */ = {
			isa = XCConfigurationList;
			buildConfigurations = (
				B55134952EF11A2C00DBEA27 /* Debug */,
				B55134962EF11A2C00DBEA27 /* Release */,
			);
			defaultConfigurationIsVisible = 0;
			defaultConfigurationName = Release;
		};
/* End XCConfigurationList section */

/* Begin XCRemoteSwiftPackageReference section */
		B534344B2F0B979E00D8E200 /* XCRemoteSwiftPackageReference "iamport-ios" */ = {
			isa = XCRemoteSwiftPackageReference;
			repositoryURL = "https://github.com/iamport/iamport-ios.git";
			requirement = {
				kind = upToNextMajorVersion;
				minimumVersion = 1.4.7;
			};
		};
		B55131A32EE96ADF00DBEA27 /* XCRemoteSwiftPackageReference "firebase-ios-sdk" */ = {
			isa = XCRemoteSwiftPackageReference;
			repositoryURL = "https://github.com/firebase/firebase-ios-sdk";
			requirement = {
				kind = upToNextMajorVersion;
				minimumVersion = 12.6.0;
			};
		};
		B551352C2EF1732600DBEA27 /* XCRemoteSwiftPackageReference "Moya" */ = {
			isa = XCRemoteSwiftPackageReference;
			repositoryURL = "https://github.com/Moya/Moya.git";
			requirement = {
				kind = upToNextMajorVersion;
				minimumVersion = 15.0.3;
			};
		};
		B55135312EF198E600DBEA27 /* XCRemoteSwiftPackageReference "SnapKit" */ = {
			isa = XCRemoteSwiftPackageReference;
			repositoryURL = "https://github.com/SnapKit/SnapKit.git";
			requirement = {
				kind = upToNextMajorVersion;
				minimumVersion = 5.7.1;
			};
		};
		B59ADD5C2F13E84000174F90 /* XCRemoteSwiftPackageReference "realm-swift" */ = {
			isa = XCRemoteSwiftPackageReference;
			repositoryURL = "https://github.com/realm/realm-swift.git";
			requirement = {
				kind = upToNextMajorVersion;
				minimumVersion = 10.54.6;
			};
		};
/* End XCRemoteSwiftPackageReference section */

/* Begin XCSwiftPackageProductDependency section */
		B534344C2F0B979E00D8E200 /* iamport-ios */ = {
			isa = XCSwiftPackageProductDependency;
			package = B534344B2F0B979E00D8E200 /* XCRemoteSwiftPackageReference "iamport-ios" */;
			productName = "iamport-ios";
		};
		B55131A42EE96ADF00DBEA27 /* FirebaseAnalytics */ = {
			isa = XCSwiftPackageProductDependency;
			package = B55131A32EE96ADF00DBEA27 /* XCRemoteSwiftPackageReference "firebase-ios-sdk" */;
			productName = FirebaseAnalytics;
		};
		B55131A62EE96ADF00DBEA27 /* FirebaseMessaging */ = {
			isa = XCSwiftPackageProductDependency;
			package = B55131A32EE96ADF00DBEA27 /* XCRemoteSwiftPackageReference "firebase-ios-sdk" */;
			productName = FirebaseMessaging;
		};
		B551349A2EF121FB00DBEA27 /* FirebaseAnalytics */ = {
			isa = XCSwiftPackageProductDependency;
			package = B55131A32EE96ADF00DBEA27 /* XCRemoteSwiftPackageReference "firebase-ios-sdk" */;
			productName = FirebaseAnalytics;
		};
		B551349C2EF1220F00DBEA27 /* FirebaseMessaging */ = {
			isa = XCSwiftPackageProductDependency;
			package = B55131A32EE96ADF00DBEA27 /* XCRemoteSwiftPackageReference "firebase-ios-sdk" */;
			productName = FirebaseMessaging;
		};
		B551352D2EF1732600DBEA27 /* CombineMoya */ = {
			isa = XCSwiftPackageProductDependency;
			package = B551352C2EF1732600DBEA27 /* XCRemoteSwiftPackageReference "Moya" */;
			productName = CombineMoya;
		};
		B551352F2EF1732600DBEA27 /* Moya */ = {
			isa = XCSwiftPackageProductDependency;
			package = B551352C2EF1732600DBEA27 /* XCRemoteSwiftPackageReference "Moya" */;
			productName = Moya;
		};
		B55135322EF198E600DBEA27 /* SnapKit */ = {
			isa = XCSwiftPackageProductDependency;
			package = B55135312EF198E600DBEA27 /* XCRemoteSwiftPackageReference "SnapKit" */;
			productName = SnapKit;
		};
		B59ADD5D2F13E84000174F90 /* RealmSwift */ = {
			isa = XCSwiftPackageProductDependency;
			package = B59ADD5C2F13E84000174F90 /* XCRemoteSwiftPackageReference "realm-swift" */;
			productName = RealmSwift;
		};
/* End XCSwiftPackageProductDependency section */
	};
	rootObject = B551317F2EE9559300DBEA27 /* Project object */;
}
